{
  "version": 4,
  "terraform_version": "1.7.5",
  "serial": 27,
  "lineage": "254571bf-2a45-9b4f-e64f-7150da92f94e",
  "outputs": {},
  "resources": [
    {
      "mode": "managed",
      "type": "azurerm_linux_virtual_machine",
      "name": "rkkumar-vm",
      "provider": "provider[\"registry.terraform.io/hashicorp/azurerm\"]",
      "instances": [
        {
          "schema_version": 0,
          "attributes": {
            "additional_capabilities": [],
            "admin_password": null,
            "admin_ssh_key": [
              {
                "public_key": "ssh-rsa AAAAB3NzaC1yc2EAAAADAQABAAABgQDJURYDp4gLf20HaXXHtBbUIImvJ6zrHVfuEu2bCST2gDV0AUJXZg9RFtGTR0VAyEwhmGjR8WZB0fFakUONgW6AHM53wbp6Lv+6DW3t8wckdGgI02Es1xfCfCeLn0hglx5bw47vLsF3kLEsS6dPG53xi8v8nyDIgAdDd6bf4mGZ6kscn88NlrUBvHOT7q0Pd76Ni7byzE2KS88iFJRIJxo2AbFO7SiE8fp1xrCUbzPryu24+UAmza48hGa8ZqMz3ktAUrzznNLWtVh9Yu93SEoHaSv4mbhn6etpc/3llkoATpIkElU7/rCoJMaBidh31GtXMEUReMWRTrOpsqOfD1RUBnxKXnMd9dQBxhyW9WlQC+64NK4jIobMKdtGrsytoC10FHkuvVhY5QdWujfq2UgEaCIeY63IT2ZMQvCaIxnqxkH11FdGJ3z0IsFV6tz//euxnjASZRRRpjYiTD2JZ3MIjp9sqlfjBCrxPMHCDGPtyePmkn9LptmjEFnbccd5fw8= rkkum@LAPTOP-P1VFA1S3\r\n",
                "username": "adminuser"
              }
            ],
            "admin_username": "adminuser",
            "allow_extension_operations": true,
            "availability_set_id": "",
            "boot_diagnostics": [],
            "bypass_platform_safety_checks_on_user_schedule_enabled": false,
            "capacity_reservation_group_id": "",
            "computer_name": "rg2-vm",
            "custom_data": "IyEvYmluL2Jhc2gNCm5nYSBEZXYgRW52aXJvbm1lbnQgLSBGdWxsIENvdXJzZSBmb3IgQmVnaW5uZXJzIC0gWW91VHViZQ0Kc3VkbyBhcHQtZ2V0IHVwZGF0ZSAteSAmJg0Kc3VkbyBhcHQtZ2V0IGluc3RhbGwgLXkgXA0KYXB0LXRyYW5zcG9ydC1odHRwc1wNCmNhLWNlcnRpZmljYXRlc1wNCmN1cmxcDQpnbnVwZy1hZ2VudFwNCnNvZnR3YXJlLXByb3BlcnRpZXMtY29tbW9uICYmDQpjdXJsIC1mc1NMIGh0dHBzOi8vZG93bmxvYWQuZG9ja2VyLmNvbS9saW51eC91YnVudHUvZ3BnIHwgc3VkbyBhcHQta2V5IGFkZCAtICYmDQpzdWRvIGFkZC1hcHQtcmVwb3NpdG9yeSAiZGViIFthcmNoLWFtZDY0XSBodHRwczovL2Rvd25sb2FkLmRvY2tlci5jb20vbGludXgvdWJ1bnR1ICQoSXNiX3JlbGVhc2UgLWNzKSBzdGFibGUiICYmDQpzdWRvIGFwdC1nZXQgdXBkYXRlIC15ICYmDQpzdWRvIHN1ZG8gYXB0LWdldCBpbnN0YWxsIGRvY2tlci1jZSBkb2NrZXItY2UtY2xpIGNvbnRhaW5lcmQuaW8gLXkgJiYNCnN1ZG8gdXNlcm1vZCAtYUcgZG9ja2VyIHVidW50dQ==",
            "dedicated_host_group_id": "",
            "dedicated_host_id": "",
            "disable_password_authentication": true,
            "disk_controller_type": "",
            "edge_zone": "",
            "encryption_at_host_enabled": false,
            "eviction_policy": "",
            "extensions_time_budget": "PT1H30M",
            "gallery_application": [],
            "id": "/subscriptions/73854de3-675c-4aa5-a3ca-56b28583a06e/resourceGroups/rg2/providers/Microsoft.Compute/virtualMachines/rg2-vm",
            "identity": [],
            "license_type": "",
            "location": "centralindia",
            "max_bid_price": -1,
            "name": "rg2-vm",
            "network_interface_ids": [
              "/subscriptions/73854de3-675c-4aa5-a3ca-56b28583a06e/resourceGroups/rg2/providers/Microsoft.Network/networkInterfaces/rg2-nic"
            ],
            "os_disk": [
              {
                "caching": "ReadWrite",
                "diff_disk_settings": [],
                "disk_encryption_set_id": "",
                "disk_size_gb": 30,
                "name": "rg2-vm_OsDisk_1_632944ebf6ab43da9597982fec114eba",
                "secure_vm_disk_encryption_set_id": "",
                "security_encryption_type": "",
                "storage_account_type": "Standard_LRS",
                "write_accelerator_enabled": false
              }
            ],
            "os_image_notification": [],
            "patch_assessment_mode": "ImageDefault",
            "patch_mode": "ImageDefault",
            "plan": [],
            "platform_fault_domain": -1,
            "priority": "Regular",
            "private_ip_address": "10.123.1.4",
            "private_ip_addresses": [
              "10.123.1.4"
            ],
            "provision_vm_agent": true,
            "proximity_placement_group_id": "",
            "public_ip_address": "52.172.220.164",
            "public_ip_addresses": [
              "52.172.220.164"
            ],
            "reboot_setting": "",
            "resource_group_name": "rg2",
            "secret": [],
            "secure_boot_enabled": false,
            "size": "Standard_F2",
            "source_image_id": "",
            "source_image_reference": [
              {
                "offer": "0001-com-ubuntu-server-jammy",
                "publisher": "Canonical",
                "sku": "22_04-lts",
                "version": "latest"
              }
            ],
            "tags": null,
            "termination_notification": null,
            "timeouts": null,
            "user_data": "",
            "virtual_machine_id": "fa905668-9c0a-416c-9e80-ecb7b8fe9af1",
            "virtual_machine_scale_set_id": "",
            "vm_agent_platform_updates_enabled": false,
            "vtpm_enabled": false,
            "zone": ""
          },
          "sensitive_attributes": [],
          "private": "eyJlMmJmYjczMC1lY2FhLTExZTYtOGY4OC0zNDM2M2JjN2M0YzAiOnsiY3JlYXRlIjoyNzAwMDAwMDAwMDAwLCJkZWxldGUiOjI3MDAwMDAwMDAwMDAsInJlYWQiOjMwMDAwMDAwMDAwMCwidXBkYXRlIjoyNzAwMDAwMDAwMDAwfX0=",
          "dependencies": [
            "azurerm_network_interface.rkkumar-nic",
            "azurerm_public_ip.rkkumar-ip",
            "azurerm_resource_group.rkkumar",
            "azurerm_subnet.rkkumar-sn",
            "azurerm_virtual_network.rkkumar"
          ]
        }
      ]
    },
    {
      "mode": "managed",
      "type": "azurerm_network_interface",
      "name": "rkkumar-nic",
      "provider": "provider[\"registry.terraform.io/hashicorp/azurerm\"]",
      "instances": [
        {
          "schema_version": 0,
          "attributes": {
            "applied_dns_servers": [],
            "auxiliary_mode": "",
            "auxiliary_sku": "",
            "dns_servers": [],
            "edge_zone": "",
            "enable_accelerated_networking": false,
            "enable_ip_forwarding": false,
            "id": "/subscriptions/73854de3-675c-4aa5-a3ca-56b28583a06e/resourceGroups/rg2/providers/Microsoft.Network/networkInterfaces/rg2-nic",
            "internal_dns_name_label": "",
            "internal_domain_name_suffix": "cnl34wr1wlbefjv0f3h2unogre.rx.internal.cloudapp.net",
            "ip_configuration": [
              {
                "gateway_load_balancer_frontend_ip_configuration_id": "",
                "name": "internal",
                "primary": true,
                "private_ip_address": "10.123.1.4",
                "private_ip_address_allocation": "Dynamic",
                "private_ip_address_version": "IPv4",
                "public_ip_address_id": "/subscriptions/73854de3-675c-4aa5-a3ca-56b28583a06e/resourceGroups/rg2/providers/Microsoft.Network/publicIPAddresses/rg2-ip",
                "subnet_id": "/subscriptions/73854de3-675c-4aa5-a3ca-56b28583a06e/resourceGroups/rg2/providers/Microsoft.Network/virtualNetworks/rg2-virtual-network/subnets/rg2-subnet1"
              }
            ],
            "location": "centralindia",
            "mac_address": "7C-1E-52-0E-C8-71",
            "name": "rg2-nic",
            "private_ip_address": "10.123.1.4",
            "private_ip_addresses": [
              "10.123.1.4"
            ],
            "resource_group_name": "rg2",
            "tags": {
              "environment": "dev"
            },
            "timeouts": null,
            "virtual_machine_id": "/subscriptions/73854de3-675c-4aa5-a3ca-56b28583a06e/resourceGroups/rg2/providers/Microsoft.Compute/virtualMachines/rg2-vm"
          },
          "sensitive_attributes": [],
          "private": "eyJlMmJmYjczMC1lY2FhLTExZTYtOGY4OC0zNDM2M2JjN2M0YzAiOnsiY3JlYXRlIjoxODAwMDAwMDAwMDAwLCJkZWxldGUiOjE4MDAwMDAwMDAwMDAsInJlYWQiOjMwMDAwMDAwMDAwMCwidXBkYXRlIjoxODAwMDAwMDAwMDAwfX0=",
          "dependencies": [
            "azurerm_public_ip.rkkumar-ip",
            "azurerm_resource_group.rkkumar",
            "azurerm_subnet.rkkumar-sn",
            "azurerm_virtual_network.rkkumar"
          ]
        }
      ]
    },
    {
      "mode": "managed",
      "type": "azurerm_network_security_group",
      "name": "rkkumar",
      "provider": "provider[\"registry.terraform.io/hashicorp/azurerm\"]",
      "instances": [
        {
          "schema_version": 0,
          "attributes": {
            "id": "/subscriptions/73854de3-675c-4aa5-a3ca-56b28583a06e/resourceGroups/rg2/providers/Microsoft.Network/networkSecurityGroups/rg2-security-group",
            "location": "centralindia",
            "name": "rg2-security-group",
            "resource_group_name": "rg2",
            "security_rule": [],
            "tags": {},
            "timeouts": null
          },
          "sensitive_attributes": [],
          "private": "eyJlMmJmYjczMC1lY2FhLTExZTYtOGY4OC0zNDM2M2JjN2M0YzAiOnsiY3JlYXRlIjoxODAwMDAwMDAwMDAwLCJkZWxldGUiOjE4MDAwMDAwMDAwMDAsInJlYWQiOjMwMDAwMDAwMDAwMCwidXBkYXRlIjoxODAwMDAwMDAwMDAwfX0=",
          "dependencies": [
            "azurerm_resource_group.rkkumar"
          ]
        }
      ]
    },
    {
      "mode": "managed",
      "type": "azurerm_network_security_group",
      "name": "rkkumar-nsg",
      "provider": "provider[\"registry.terraform.io/hashicorp/azurerm\"]",
      "instances": [
        {
          "schema_version": 0,
          "attributes": {
            "id": "/subscriptions/73854de3-675c-4aa5-a3ca-56b28583a06e/resourceGroups/rg2/providers/Microsoft.Network/networkSecurityGroups/rg2-nsg",
            "location": "centralindia",
            "name": "rg2-nsg",
            "resource_group_name": "rg2",
            "security_rule": [
              {
                "access": "Allow",
                "description": "",
                "destination_address_prefix": "*",
                "destination_address_prefixes": [],
                "destination_application_security_group_ids": [],
                "destination_port_range": "*",
                "destination_port_ranges": [],
                "direction": "Inbound",
                "name": "rkkumar-nsg-rule1",
                "priority": 100,
                "protocol": "Tcp",
                "source_address_prefix": "*",
                "source_address_prefixes": [],
                "source_application_security_group_ids": [],
                "source_port_range": "*",
                "source_port_ranges": []
              }
            ],
            "tags": {
              "environment": "dev"
            },
            "timeouts": null
          },
          "sensitive_attributes": [],
          "private": "eyJlMmJmYjczMC1lY2FhLTExZTYtOGY4OC0zNDM2M2JjN2M0YzAiOnsiY3JlYXRlIjoxODAwMDAwMDAwMDAwLCJkZWxldGUiOjE4MDAwMDAwMDAwMDAsInJlYWQiOjMwMDAwMDAwMDAwMCwidXBkYXRlIjoxODAwMDAwMDAwMDAwfX0=",
          "dependencies": [
            "azurerm_resource_group.rkkumar"
          ]
        }
      ]
    },
    {
      "mode": "managed",
      "type": "azurerm_network_security_rule",
      "name": "rkkumar-rule",
      "provider": "provider[\"registry.terraform.io/hashicorp/azurerm\"]",
      "instances": [
        {
          "schema_version": 0,
          "attributes": {
            "access": "Allow",
            "description": "",
            "destination_address_prefix": "*",
            "destination_address_prefixes": [],
            "destination_application_security_group_ids": [],
            "destination_port_range": "*",
            "destination_port_ranges": [],
            "direction": "Inbound",
            "id": "/subscriptions/73854de3-675c-4aa5-a3ca-56b28583a06e/resourceGroups/rg2/providers/Microsoft.Network/networkSecurityGroups/rg2-nsg/securityRules/rkkumar-nsg-rule1",
            "name": "rkkumar-nsg-rule1",
            "network_security_group_name": "rg2-nsg",
            "priority": 100,
            "protocol": "Tcp",
            "resource_group_name": "rg2",
            "source_address_prefix": "*",
            "source_address_prefixes": [],
            "source_application_security_group_ids": [],
            "source_port_range": "*",
            "source_port_ranges": [],
            "timeouts": null
          },
          "sensitive_attributes": [],
          "private": "eyJlMmJmYjczMC1lY2FhLTExZTYtOGY4OC0zNDM2M2JjN2M0YzAiOnsiY3JlYXRlIjoxODAwMDAwMDAwMDAwLCJkZWxldGUiOjE4MDAwMDAwMDAwMDAsInJlYWQiOjMwMDAwMDAwMDAwMCwidXBkYXRlIjoxODAwMDAwMDAwMDAwfX0=",
          "dependencies": [
            "azurerm_network_security_group.rkkumar-nsg",
            "azurerm_resource_group.rkkumar"
          ]
        }
      ]
    },
    {
      "mode": "managed",
      "type": "azurerm_public_ip",
      "name": "rkkumar-ip",
      "provider": "provider[\"registry.terraform.io/hashicorp/azurerm\"]",
      "instances": [
        {
          "schema_version": 0,
          "attributes": {
            "allocation_method": "Dynamic",
            "ddos_protection_mode": "VirtualNetworkInherited",
            "ddos_protection_plan_id": null,
            "domain_name_label": null,
            "edge_zone": "",
            "fqdn": null,
            "id": "/subscriptions/73854de3-675c-4aa5-a3ca-56b28583a06e/resourceGroups/rg2/providers/Microsoft.Network/publicIPAddresses/rg2-ip",
            "idle_timeout_in_minutes": 4,
            "ip_address": "13.71.29.229",
            "ip_tags": {},
            "ip_version": "IPv4",
            "location": "centralindia",
            "name": "rg2-ip",
            "public_ip_prefix_id": null,
            "resource_group_name": "rg2",
            "reverse_fqdn": null,
            "sku": "Basic",
            "sku_tier": "Regional",
            "tags": {
              "environment": "dev"
            },
            "timeouts": null,
            "zones": []
          },
          "sensitive_attributes": [],
          "private": "eyJlMmJmYjczMC1lY2FhLTExZTYtOGY4OC0zNDM2M2JjN2M0YzAiOnsiY3JlYXRlIjoxODAwMDAwMDAwMDAwLCJkZWxldGUiOjE4MDAwMDAwMDAwMDAsInJlYWQiOjMwMDAwMDAwMDAwMCwidXBkYXRlIjoxODAwMDAwMDAwMDAwfX0=",
          "dependencies": [
            "azurerm_resource_group.rkkumar"
          ]
        }
      ]
    },
    {
      "mode": "managed",
      "type": "azurerm_resource_group",
      "name": "rkkumar",
      "provider": "provider[\"registry.terraform.io/hashicorp/azurerm\"]",
      "instances": [
        {
          "schema_version": 0,
          "attributes": {
            "id": "/subscriptions/73854de3-675c-4aa5-a3ca-56b28583a06e/resourceGroups/rg2",
            "location": "centralindia",
            "managed_by": "",
            "name": "rg2",
            "tags": {
              "environment": "dev"
            },
            "timeouts": null
          },
          "sensitive_attributes": [],
          "private": "eyJlMmJmYjczMC1lY2FhLTExZTYtOGY4OC0zNDM2M2JjN2M0YzAiOnsiY3JlYXRlIjo1NDAwMDAwMDAwMDAwLCJkZWxldGUiOjU0MDAwMDAwMDAwMDAsInJlYWQiOjMwMDAwMDAwMDAwMCwidXBkYXRlIjo1NDAwMDAwMDAwMDAwfX0="
        }
      ]
    },
    {
      "mode": "managed",
      "type": "azurerm_subnet",
      "name": "rkkumar-sn",
      "provider": "provider[\"registry.terraform.io/hashicorp/azurerm\"]",
      "instances": [
        {
          "schema_version": 0,
          "attributes": {
            "address_prefixes": [
              "10.123.1.0/24"
            ],
            "delegation": [],
            "enforce_private_link_endpoint_network_policies": false,
            "enforce_private_link_service_network_policies": false,
            "id": "/subscriptions/73854de3-675c-4aa5-a3ca-56b28583a06e/resourceGroups/rg2/providers/Microsoft.Network/virtualNetworks/rg2-virtual-network/subnets/rg2-subnet1",
            "name": "rg2-subnet1",
            "private_endpoint_network_policies_enabled": true,
            "private_link_service_network_policies_enabled": true,
            "resource_group_name": "rg2",
            "service_endpoint_policy_ids": [],
            "service_endpoints": [],
            "timeouts": null,
            "virtual_network_name": "rg2-virtual-network"
          },
          "sensitive_attributes": [],
          "private": "eyJlMmJmYjczMC1lY2FhLTExZTYtOGY4OC0zNDM2M2JjN2M0YzAiOnsiY3JlYXRlIjoxODAwMDAwMDAwMDAwLCJkZWxldGUiOjE4MDAwMDAwMDAwMDAsInJlYWQiOjMwMDAwMDAwMDAwMCwidXBkYXRlIjoxODAwMDAwMDAwMDAwfX0=",
          "dependencies": [
            "azurerm_resource_group.rkkumar",
            "azurerm_virtual_network.rkkumar"
          ]
        }
      ]
    },
    {
      "mode": "managed",
      "type": "azurerm_subnet_network_security_group_association",
      "name": "rkkumar-sga",
      "provider": "provider[\"registry.terraform.io/hashicorp/azurerm\"]",
      "instances": [
        {
          "schema_version": 0,
          "attributes": {
            "id": "/subscriptions/73854de3-675c-4aa5-a3ca-56b28583a06e/resourceGroups/rg2/providers/Microsoft.Network/virtualNetworks/rg2-virtual-network/subnets/rg2-subnet1",
            "network_security_group_id": "/subscriptions/73854de3-675c-4aa5-a3ca-56b28583a06e/resourceGroups/rg2/providers/Microsoft.Network/networkSecurityGroups/rg2-nsg",
            "subnet_id": "/subscriptions/73854de3-675c-4aa5-a3ca-56b28583a06e/resourceGroups/rg2/providers/Microsoft.Network/virtualNetworks/rg2-virtual-network/subnets/rg2-subnet1",
            "timeouts": null
          },
          "sensitive_attributes": [],
          "private": "eyJlMmJmYjczMC1lY2FhLTExZTYtOGY4OC0zNDM2M2JjN2M0YzAiOnsiY3JlYXRlIjoxODAwMDAwMDAwMDAwLCJkZWxldGUiOjE4MDAwMDAwMDAwMDAsInJlYWQiOjMwMDAwMDAwMDAwMH19",
          "dependencies": [
            "azurerm_network_security_group.rkkumar-nsg",
            "azurerm_resource_group.rkkumar",
            "azurerm_subnet.rkkumar-sn",
            "azurerm_virtual_network.rkkumar"
          ]
        }
      ]
    },
    {
      "mode": "managed",
      "type": "azurerm_virtual_network",
      "name": "rkkumar",
      "provider": "provider[\"registry.terraform.io/hashicorp/azurerm\"]",
      "instances": [
        {
          "schema_version": 0,
          "attributes": {
            "address_space": [
              "10.123.0.0/16"
            ],
            "bgp_community": "",
            "ddos_protection_plan": [],
            "dns_servers": [],
            "edge_zone": "",
            "encryption": [],
            "flow_timeout_in_minutes": 0,
            "guid": "5adf5713-b23b-42c2-a6ba-2f4fca35c68c",
            "id": "/subscriptions/73854de3-675c-4aa5-a3ca-56b28583a06e/resourceGroups/rg2/providers/Microsoft.Network/virtualNetworks/rg2-virtual-network",
            "location": "centralindia",
            "name": "rg2-virtual-network",
            "resource_group_name": "rg2",
            "subnet": [
              {
                "address_prefix": "10.123.1.0/24",
                "id": "/subscriptions/73854de3-675c-4aa5-a3ca-56b28583a06e/resourceGroups/rg2/providers/Microsoft.Network/virtualNetworks/rg2-virtual-network/subnets/rg2-subnet1",
                "name": "rg2-subnet1",
                "security_group": "/subscriptions/73854de3-675c-4aa5-a3ca-56b28583a06e/resourceGroups/rg2/providers/Microsoft.Network/networkSecurityGroups/rg2-nsg"
              }
            ],
            "tags": {
              "environment": "dev"
            },
            "timeouts": null
          },
          "sensitive_attributes": [],
          "private": "eyJlMmJmYjczMC1lY2FhLTExZTYtOGY4OC0zNDM2M2JjN2M0YzAiOnsiY3JlYXRlIjoxODAwMDAwMDAwMDAwLCJkZWxldGUiOjE4MDAwMDAwMDAwMDAsInJlYWQiOjMwMDAwMDAwMDAwMCwidXBkYXRlIjoxODAwMDAwMDAwMDAwfX0=",
          "dependencies": [
            "azurerm_resource_group.rkkumar"
          ]
        }
      ]
    }
  ],
  "check_results": null
}
